// !$*UTF8*$!
{
	archiveVersion = 1;
	classes = {
	};
	objectVersion = 46;
	objects = {

/* Begin PBXBuildFile section */
		8507AB4D20EA5EBE00E2A424 /* AppDelegate.swift in Sources */ = {isa = PBXBuildFile; fileRef = 8507AB4C20EA5EBE00E2A424 /* AppDelegate.swift */; };
		8507AB4F20EA5EBE00E2A424 /* ViewController.swift in Sources */ = {isa = PBXBuildFile; fileRef = 8507AB4E20EA5EBE00E2A424 /* ViewController.swift */; };
		8507AB5220EA5EBE00E2A424 /* Main.storyboard in Resources */ = {isa = PBXBuildFile; fileRef = 8507AB5020EA5EBE00E2A424 /* Main.storyboard */; };
		8507AB5520EA5EBE00E2A424 /* contato.xcdatamodeld in Sources */ = {isa = PBXBuildFile; fileRef = 8507AB5320EA5EBE00E2A424 /* contato.xcdatamodeld */; };
		8507AB5720EA5EBE00E2A424 /* Assets.xcassets in Resources */ = {isa = PBXBuildFile; fileRef = 8507AB5620EA5EBE00E2A424 /* Assets.xcassets */; };
		8507AB5A20EA5EBE00E2A424 /* LaunchScreen.storyboard in Resources */ = {isa = PBXBuildFile; fileRef = 8507AB5820EA5EBE00E2A424 /* LaunchScreen.storyboard */; };
		8507AB6520EA5EBE00E2A424 /* contatoTests.swift in Sources */ = {isa = PBXBuildFile; fileRef = 8507AB6420EA5EBE00E2A424 /* contatoTests.swift */; };
		8507AB7020EA5EBF00E2A424 /* contatoUITests.swift in Sources */ = {isa = PBXBuildFile; fileRef = 8507AB6F20EA5EBF00E2A424 /* contatoUITests.swift */; };
		8507AB7E20EA984600E2A424 /* Contato.swift in Sources */ = {isa = PBXBuildFile; fileRef = 8507AB7D20EA984600E2A424 /* Contato.swift */; };
		8507AB8020EAA00700E2A424 /* ContatoDAO.swift in Sources */ = {isa = PBXBuildFile; fileRef = 8507AB7F20EAA00700E2A424 /* ContatoDAO.swift */; };
		8507AB8220EAA73D00E2A424 /* ContactTableViewController.swift in Sources */ = {isa = PBXBuildFile; fileRef = 8507AB8120EAA73D00E2A424 /* ContactTableViewController.swift */; };
		FA860A4320ECF06B00C74BFA /* InfoPlist.strings in Resources */ = {isa = PBXBuildFile; fileRef = FA860A4520ECF06B00C74BFA /* InfoPlist.strings */; };
		FA860A4820ECFB7900C74BFA /* ActionManager.swift in Sources */ = {isa = PBXBuildFile; fileRef = FA860A4720ECFB7900C74BFA /* ActionManager.swift */; };
		FA860A4A20ED49CD00C74BFA /* CustomTableViewCell.swift in Sources */ = {isa = PBXBuildFile; fileRef = FA860A4920ED49CD00C74BFA /* CustomTableViewCell.swift */; };
		FA860A4C20ED60E700C74BFA /* MapsViewController.swift in Sources */ = {isa = PBXBuildFile; fileRef = FA860A4B20ED60E700C74BFA /* MapsViewController.swift */; };
		FA9468F520EBF1C100C804C5 /* CreateOrUpdateContactDelegate.swift in Sources */ = {isa = PBXBuildFile; fileRef = FA9468F420EBF1C100C804C5 /* CreateOrUpdateContactDelegate.swift */; };
		FA9468FA20EC0C6A00C804C5 /* Localizable.strings in Resources */ = {isa = PBXBuildFile; fileRef = FA9468FC20EC0C6A00C804C5 /* Localizable.strings */; };
		FA9468FF20EC121900C804C5 /* String+Localized.swift in Sources */ = {isa = PBXBuildFile; fileRef = FA9468FE20EC121900C804C5 /* String+Localized.swift */; };
/* End PBXBuildFile section */

/* Begin PBXContainerItemProxy section */
		8507AB6120EA5EBE00E2A424 /* PBXContainerItemProxy */ = {
			isa = PBXContainerItemProxy;
			containerPortal = 8507AB4120EA5EBD00E2A424 /* Project object */;
			proxyType = 1;
			remoteGlobalIDString = 8507AB4820EA5EBD00E2A424;
			remoteInfo = contato;
		};
		8507AB6C20EA5EBF00E2A424 /* PBXContainerItemProxy */ = {
			isa = PBXContainerItemProxy;
			containerPortal = 8507AB4120EA5EBD00E2A424 /* Project object */;
			proxyType = 1;
			remoteGlobalIDString = 8507AB4820EA5EBD00E2A424;
			remoteInfo = contato;
		};
/* End PBXContainerItemProxy section */

/* Begin PBXFileReference section */
		8507AB4920EA5EBE00E2A424 /* contato.app */ = {isa = PBXFileReference; explicitFileType = wrapper.application; includeInIndex = 0; path = contato.app; sourceTree = BUILT_PRODUCTS_DIR; };
		8507AB4C20EA5EBE00E2A424 /* AppDelegate.swift */ = {isa = PBXFileReference; lastKnownFileType = sourcecode.swift; path = AppDelegate.swift; sourceTree = "<group>"; };
		8507AB4E20EA5EBE00E2A424 /* ViewController.swift */ = {isa = PBXFileReference; lastKnownFileType = sourcecode.swift; path = ViewController.swift; sourceTree = "<group>"; };
		8507AB5120EA5EBE00E2A424 /* Base */ = {isa = PBXFileReference; lastKnownFileType = file.storyboard; name = Base; path = Base.lproj/Main.storyboard; sourceTree = "<group>"; };
		8507AB5420EA5EBE00E2A424 /* contato.xcdatamodel */ = {isa = PBXFileReference; lastKnownFileType = wrapper.xcdatamodel; path = contato.xcdatamodel; sourceTree = "<group>"; };
		8507AB5620EA5EBE00E2A424 /* Assets.xcassets */ = {isa = PBXFileReference; lastKnownFileType = folder.assetcatalog; path = Assets.xcassets; sourceTree = "<group>"; };
		8507AB5920EA5EBE00E2A424 /* Base */ = {isa = PBXFileReference; lastKnownFileType = file.storyboard; name = Base; path = Base.lproj/LaunchScreen.storyboard; sourceTree = "<group>"; };
		8507AB5B20EA5EBE00E2A424 /* Info.plist */ = {isa = PBXFileReference; lastKnownFileType = text.plist.xml; path = Info.plist; sourceTree = "<group>"; };
		8507AB6020EA5EBE00E2A424 /* contatoTests.xctest */ = {isa = PBXFileReference; explicitFileType = wrapper.cfbundle; includeInIndex = 0; path = contatoTests.xctest; sourceTree = BUILT_PRODUCTS_DIR; };
		8507AB6420EA5EBE00E2A424 /* contatoTests.swift */ = {isa = PBXFileReference; lastKnownFileType = sourcecode.swift; path = contatoTests.swift; sourceTree = "<group>"; };
		8507AB6620EA5EBE00E2A424 /* Info.plist */ = {isa = PBXFileReference; lastKnownFileType = text.plist.xml; path = Info.plist; sourceTree = "<group>"; };
		8507AB6B20EA5EBF00E2A424 /* contatoUITests.xctest */ = {isa = PBXFileReference; explicitFileType = wrapper.cfbundle; includeInIndex = 0; path = contatoUITests.xctest; sourceTree = BUILT_PRODUCTS_DIR; };
		8507AB6F20EA5EBF00E2A424 /* contatoUITests.swift */ = {isa = PBXFileReference; lastKnownFileType = sourcecode.swift; path = contatoUITests.swift; sourceTree = "<group>"; };
		8507AB7120EA5EBF00E2A424 /* Info.plist */ = {isa = PBXFileReference; lastKnownFileType = text.plist.xml; path = Info.plist; sourceTree = "<group>"; };
		8507AB7D20EA984600E2A424 /* Contato.swift */ = {isa = PBXFileReference; fileEncoding = 4; lastKnownFileType = sourcecode.swift; path = Contato.swift; sourceTree = "<group>"; };
		8507AB7F20EAA00700E2A424 /* ContatoDAO.swift */ = {isa = PBXFileReference; fileEncoding = 4; lastKnownFileType = sourcecode.swift; path = ContatoDAO.swift; sourceTree = "<group>"; };
		8507AB8120EAA73D00E2A424 /* ContactTableViewController.swift */ = {isa = PBXFileReference; fileEncoding = 4; lastKnownFileType = sourcecode.swift; path = ContactTableViewController.swift; sourceTree = "<group>"; };
		FA860A4420ECF06B00C74BFA /* pt-BR */ = {isa = PBXFileReference; lastKnownFileType = text.plist.strings; name = "pt-BR"; path = "pt-BR.lproj/InfoPlist.strings"; sourceTree = "<group>"; };
		FA860A4620ECF07200C74BFA /* en */ = {isa = PBXFileReference; lastKnownFileType = text.plist.strings; name = en; path = en.lproj/InfoPlist.strings; sourceTree = "<group>"; };
		FA860A4720ECFB7900C74BFA /* ActionManager.swift */ = {isa = PBXFileReference; lastKnownFileType = sourcecode.swift; path = ActionManager.swift; sourceTree = "<group>"; };
		FA860A4920ED49CD00C74BFA /* CustomTableViewCell.swift */ = {isa = PBXFileReference; lastKnownFileType = sourcecode.swift; path = CustomTableViewCell.swift; sourceTree = "<group>"; };
		FA860A4B20ED60E700C74BFA /* MapsViewController.swift */ = {isa = PBXFileReference; lastKnownFileType = sourcecode.swift; path = MapsViewController.swift; sourceTree = "<group>"; };
		FA9468F420EBF1C100C804C5 /* CreateOrUpdateContactDelegate.swift */ = {isa = PBXFileReference; lastKnownFileType = sourcecode.swift; path = CreateOrUpdateContactDelegate.swift; sourceTree = "<group>"; };
		FA9468F820EC0C2A00C804C5 /* pt-BR */ = {isa = PBXFileReference; lastKnownFileType = text.plist.strings; name = "pt-BR"; path = "pt-BR.lproj/Main.strings"; sourceTree = "<group>"; };
		FA9468F920EC0C2A00C804C5 /* pt-BR */ = {isa = PBXFileReference; lastKnownFileType = text.plist.strings; name = "pt-BR"; path = "pt-BR.lproj/LaunchScreen.strings"; sourceTree = "<group>"; };
		FA9468FB20EC0C6A00C804C5 /* pt-BR */ = {isa = PBXFileReference; lastKnownFileType = text.plist.strings; name = "pt-BR"; path = "pt-BR.lproj/Localizable.strings"; sourceTree = "<group>"; };
		FA9468FD20EC0CBD00C804C5 /* en */ = {isa = PBXFileReference; lastKnownFileType = text.plist.strings; name = en; path = en.lproj/Localizable.strings; sourceTree = "<group>"; };
		FA9468FE20EC121900C804C5 /* String+Localized.swift */ = {isa = PBXFileReference; lastKnownFileType = sourcecode.swift; path = "String+Localized.swift"; sourceTree = "<group>"; };
/* End PBXFileReference section */

/* Begin PBXFrameworksBuildPhase section */
		8507AB4620EA5EBD00E2A424 /* Frameworks */ = {
			isa = PBXFrameworksBuildPhase;
			buildActionMask = 2147483647;
			files = (
			);
			runOnlyForDeploymentPostprocessing = 0;
		};
		8507AB5D20EA5EBE00E2A424 /* Frameworks */ = {
			isa = PBXFrameworksBuildPhase;
			buildActionMask = 2147483647;
			files = (
			);
			runOnlyForDeploymentPostprocessing = 0;
		};
		8507AB6820EA5EBF00E2A424 /* Frameworks */ = {
			isa = PBXFrameworksBuildPhase;
			buildActionMask = 2147483647;
			files = (
			);
			runOnlyForDeploymentPostprocessing = 0;
		};
/* End PBXFrameworksBuildPhase section */

/* Begin PBXGroup section */
		8507AB4020EA5EBD00E2A424 = {
			isa = PBXGroup;
			children = (
				8507AB4B20EA5EBE00E2A424 /* contato */,
				8507AB6320EA5EBE00E2A424 /* contatoTests */,
				8507AB6E20EA5EBF00E2A424 /* contatoUITests */,
				8507AB4A20EA5EBE00E2A424 /* Products */,
			);
			sourceTree = "<group>";
		};
		8507AB4A20EA5EBE00E2A424 /* Products */ = {
			isa = PBXGroup;
			children = (
				8507AB4920EA5EBE00E2A424 /* contato.app */,
				8507AB6020EA5EBE00E2A424 /* contatoTests.xctest */,
				8507AB6B20EA5EBF00E2A424 /* contatoUITests.xctest */,
			);
			name = Products;
			sourceTree = "<group>";
		};
		8507AB4B20EA5EBE00E2A424 /* contato */ = {
			isa = PBXGroup;
			children = (
				8507AB4C20EA5EBE00E2A424 /* AppDelegate.swift */,
				8507AB4E20EA5EBE00E2A424 /* ViewController.swift */,
				8507AB5020EA5EBE00E2A424 /* Main.storyboard */,
				FA860A4920ED49CD00C74BFA /* CustomTableViewCell.swift */,
				8507AB8120EAA73D00E2A424 /* ContactTableViewController.swift */,
				8507AB5620EA5EBE00E2A424 /* Assets.xcassets */,
				8507AB5820EA5EBE00E2A424 /* LaunchScreen.storyboard */,
				8507AB5B20EA5EBE00E2A424 /* Info.plist */,
				8507AB5320EA5EBE00E2A424 /* contato.xcdatamodeld */,
				8507AB7D20EA984600E2A424 /* Contato.swift */,
				8507AB7F20EAA00700E2A424 /* ContatoDAO.swift */,
				FA9468F420EBF1C100C804C5 /* CreateOrUpdateContactDelegate.swift */,
				FA9468FC20EC0C6A00C804C5 /* Localizable.strings */,
				FA9468FE20EC121900C804C5 /* String+Localized.swift */,
				FA860A4520ECF06B00C74BFA /* InfoPlist.strings */,
				FA860A4720ECFB7900C74BFA /* ActionManager.swift */,
				FA860A4B20ED60E700C74BFA /* MapsViewController.swift */,
			);
			path = contato;
			sourceTree = "<group>";
		};
		8507AB6320EA5EBE00E2A424 /* contatoTests */ = {
			isa = PBXGroup;
			children = (
				8507AB6420EA5EBE00E2A424 /* contatoTests.swift */,
				8507AB6620EA5EBE00E2A424 /* Info.plist */,
			);
			path = contatoTests;
			sourceTree = "<group>";
		};
		8507AB6E20EA5EBF00E2A424 /* contatoUITests */ = {
			isa = PBXGroup;
			children = (
				8507AB6F20EA5EBF00E2A424 /* contatoUITests.swift */,
				8507AB7120EA5EBF00E2A424 /* Info.plist */,
			);
			path = contatoUITests;
			sourceTree = "<group>";
		};
/* End PBXGroup section */

/* Begin PBXNativeTarget section */
		8507AB4820EA5EBD00E2A424 /* contato */ = {
			isa = PBXNativeTarget;
			buildConfigurationList = 8507AB7420EA5EBF00E2A424 /* Build configuration list for PBXNativeTarget "contato" */;
			buildPhases = (
				8507AB4520EA5EBD00E2A424 /* Sources */,
				8507AB4620EA5EBD00E2A424 /* Frameworks */,
				8507AB4720EA5EBD00E2A424 /* Resources */,
			);
			buildRules = (
			);
			dependencies = (
			);
			name = contato;
			productName = contato;
			productReference = 8507AB4920EA5EBE00E2A424 /* contato.app */;
			productType = "com.apple.product-type.application";
		};
		8507AB5F20EA5EBE00E2A424 /* contatoTests */ = {
			isa = PBXNativeTarget;
			buildConfigurationList = 8507AB7720EA5EBF00E2A424 /* Build configuration list for PBXNativeTarget "contatoTests" */;
			buildPhases = (
				8507AB5C20EA5EBE00E2A424 /* Sources */,
				8507AB5D20EA5EBE00E2A424 /* Frameworks */,
				8507AB5E20EA5EBE00E2A424 /* Resources */,
			);
			buildRules = (
			);
			dependencies = (
				8507AB6220EA5EBE00E2A424 /* PBXTargetDependency */,
			);
			name = contatoTests;
			productName = contatoTests;
			productReference = 8507AB6020EA5EBE00E2A424 /* contatoTests.xctest */;
			productType = "com.apple.product-type.bundle.unit-test";
		};
		8507AB6A20EA5EBF00E2A424 /* contatoUITests */ = {
			isa = PBXNativeTarget;
			buildConfigurationList = 8507AB7A20EA5EBF00E2A424 /* Build configuration list for PBXNativeTarget "contatoUITests" */;
			buildPhases = (
				8507AB6720EA5EBF00E2A424 /* Sources */,
				8507AB6820EA5EBF00E2A424 /* Frameworks */,
				8507AB6920EA5EBF00E2A424 /* Resources */,
			);
			buildRules = (
			);
			dependencies = (
				8507AB6D20EA5EBF00E2A424 /* PBXTargetDependency */,
			);
			name = contatoUITests;
			productName = contatoUITests;
			productReference = 8507AB6B20EA5EBF00E2A424 /* contatoUITests.xctest */;
			productType = "com.apple.product-type.bundle.ui-testing";
		};
/* End PBXNativeTarget section */

/* Begin PBXProject section */
		8507AB4120EA5EBD00E2A424 /* Project object */ = {
			isa = PBXProject;
			attributes = {
				LastSwiftUpdateCheck = 0800;
				LastUpgradeCheck = 0940;
				ORGANIZATIONNAME = ios7649;
				TargetAttributes = {
					8507AB4820EA5EBD00E2A424 = {
						CreatedOnToolsVersion = 8.0;
						DevelopmentTeam = DZFL29D259;
						LastSwiftMigration = 0940;
						ProvisioningStyle = Automatic;
					};
					8507AB5F20EA5EBE00E2A424 = {
						CreatedOnToolsVersion = 8.0;
						LastSwiftMigration = 0940;
						ProvisioningStyle = Automatic;
						TestTargetID = 8507AB4820EA5EBD00E2A424;
					};
					8507AB6A20EA5EBF00E2A424 = {
						CreatedOnToolsVersion = 8.0;
						LastSwiftMigration = 0940;
						ProvisioningStyle = Automatic;
						TestTargetID = 8507AB4820EA5EBD00E2A424;
					};
				};
			};
			buildConfigurationList = 8507AB4420EA5EBD00E2A424 /* Build configuration list for PBXProject "contato" */;
			compatibilityVersion = "Xcode 3.2";
			developmentRegion = English;
			hasScannedForEncodings = 0;
			knownRegions = (
				en,
				Base,
			);
			mainGroup = 8507AB4020EA5EBD00E2A424;
			productRefGroup = 8507AB4A20EA5EBE00E2A424 /* Products */;
			projectDirPath = "";
			projectRoot = "";
			targets = (
				8507AB4820EA5EBD00E2A424 /* contato */,
				8507AB5F20EA5EBE00E2A424 /* contatoTests */,
				8507AB6A20EA5EBF00E2A424 /* contatoUITests */,
			);
		};
/* End PBXProject section */

/* Begin PBXResourcesBuildPhase section */
		8507AB4720EA5EBD00E2A424 /* Resources */ = {
			isa = PBXResourcesBuildPhase;
			buildActionMask = 2147483647;
			files = (
				8507AB5A20EA5EBE00E2A424 /* LaunchScreen.storyboard in Resources */,
				FA9468FA20EC0C6A00C804C5 /* Localizable.strings in Resources */,
				8507AB5720EA5EBE00E2A424 /* Assets.xcassets in Resources */,
				8507AB5220EA5EBE00E2A424 /* Main.storyboard in Resources */,
				FA860A4320ECF06B00C74BFA /* InfoPlist.strings in Resources */,
			);
			runOnlyForDeploymentPostprocessing = 0;
		};
		8507AB5E20EA5EBE00E2A424 /* Resources */ = {
			isa = PBXResourcesBuildPhase;
			buildActionMask = 2147483647;
			files = (
			);
			runOnlyForDeploymentPostprocessing = 0;
		};
		8507AB6920EA5EBF00E2A424 /* Resources */ = {
			isa = PBXResourcesBuildPhase;
			buildActionMask = 2147483647;
			files = (
			);
			runOnlyForDeploymentPostprocessing = 0;
		};
/* End PBXResourcesBuildPhase section */

/* Begin PBXSourcesBuildPhase section */
		8507AB4520EA5EBD00E2A424 /* Sources */ = {
			isa = PBXSourcesBuildPhase;
			buildActionMask = 2147483647;
			files = (
				8507AB7E20EA984600E2A424 /* Contato.swift in Sources */,
				8507AB5520EA5EBE00E2A424 /* contato.xcdatamodeld in Sources */,
				FA9468FF20EC121900C804C5 /* String+Localized.swift in Sources */,
				8507AB8220EAA73D00E2A424 /* ContactTableViewController.swift in Sources */,
				8507AB8020EAA00700E2A424 /* ContatoDAO.swift in Sources */,
				8507AB4F20EA5EBE00E2A424 /* ViewController.swift in Sources */,
				FA860A4A20ED49CD00C74BFA /* CustomTableViewCell.swift in Sources */,
				FA9468F520EBF1C100C804C5 /* CreateOrUpdateContactDelegate.swift in Sources */,
				8507AB4D20EA5EBE00E2A424 /* AppDelegate.swift in Sources */,
				FA860A4820ECFB7900C74BFA /* ActionManager.swift in Sources */,
				FA860A4C20ED60E700C74BFA /* MapsViewController.swift in Sources */,
			);
			runOnlyForDeploymentPostprocessing = 0;
		};
		8507AB5C20EA5EBE00E2A424 /* Sources */ = {
			isa = PBXSourcesBuildPhase;
			buildActionMask = 2147483647;
			files = (
				8507AB6520EA5EBE00E2A424 /* contatoTests.swift in Sources */,
			);
			runOnlyForDeploymentPostprocessing = 0;
		};
		8507AB6720EA5EBF00E2A424 /* Sources */ = {
			isa = PBXSourcesBuildPhase;
			buildActionMask = 2147483647;
			files = (
				8507AB7020EA5EBF00E2A424 /* contatoUITests.swift in Sources */,
			);
			runOnlyForDeploymentPostprocessing = 0;
		};
/* End PBXSourcesBuildPhase section */

/* Begin PBXTargetDependency section */
		8507AB6220EA5EBE00E2A424 /* PBXTargetDependency */ = {
			isa = PBXTargetDependency;
			target = 8507AB4820EA5EBD00E2A424 /* contato */;
			targetProxy = 8507AB6120EA5EBE00E2A424 /* PBXContainerItemProxy */;
		};
		8507AB6D20EA5EBF00E2A424 /* PBXTargetDependency */ = {
			isa = PBXTargetDependency;
			target = 8507AB4820EA5EBD00E2A424 /* contato */;
			targetProxy = 8507AB6C20EA5EBF00E2A424 /* PBXContainerItemProxy */;
		};
/* End PBXTargetDependency section */

/* Begin PBXVariantGroup section */
		8507AB5020EA5EBE00E2A424 /* Main.storyboard */ = {
			isa = PBXVariantGroup;
			children = (
				8507AB5120EA5EBE00E2A424 /* Base */,
				FA9468F820EC0C2A00C804C5 /* pt-BR */,
			);
			name = Main.storyboard;
			sourceTree = "<group>";
		};
		8507AB5820EA5EBE00E2A424 /* LaunchScreen.storyboard */ = {
			isa = PBXVariantGroup;
			children = (
				8507AB5920EA5EBE00E2A424 /* Base */,
				FA9468F920EC0C2A00C804C5 /* pt-BR */,
			);
			name = LaunchScreen.storyboard;
			sourceTree = "<group>";
		};
		FA860A4520ECF06B00C74BFA /* InfoPlist.strings */ = {
			isa = PBXVariantGroup;
			children = (
				FA860A4420ECF06B00C74BFA /* pt-BR */,
				FA860A4620ECF07200C74BFA /* en */,
			);
			name = InfoPlist.strings;
			sourceTree = "<group>";
		};
		FA9468FC20EC0C6A00C804C5 /* Localizable.strings */ = {
			isa = PBXVariantGroup;
			children = (
				FA9468FB20EC0C6A00C804C5 /* pt-BR */,
				FA9468FD20EC0CBD00C804C5 /* en */,
			);
			name = Localizable.strings;
			sourceTree = "<group>";
		};
/* End PBXVariantGroup section */

/* Begin XCBuildConfiguration section */
		8507AB7220EA5EBF00E2A424 /* Debug */ = {
			isa = XCBuildConfiguration;
			buildSettings = {
				ALWAYS_SEARCH_USER_PATHS = NO;
				CLANG_ANALYZER_LOCALIZABILITY_NONLOCALIZED = YES;
				CLANG_ANALYZER_NONNULL = YES;
				CLANG_CXX_LANGUAGE_STANDARD = "gnu++0x";
				CLANG_CXX_LIBRARY = "libc++";
				CLANG_ENABLE_MODULES = YES;
				CLANG_ENABLE_OBJC_ARC = YES;
				CLANG_WARN_BLOCK_CAPTURE_AUTORELEASING = YES;
				CLANG_WARN_BOOL_CONVERSION = YES;
				CLANG_WARN_COMMA = YES;
				CLANG_WARN_CONSTANT_CONVERSION = YES;
				CLANG_WARN_DEPRECATED_OBJC_IMPLEMENTATIONS = YES;
				CLANG_WARN_DIRECT_OBJC_ISA_USAGE = YES_ERROR;
				CLANG_WARN_DOCUMENTATION_COMMENTS = YES;
				CLANG_WARN_EMPTY_BODY = YES;
				CLANG_WARN_ENUM_CONVERSION = YES;
				CLANG_WARN_INFINITE_RECURSION = YES;
				CLANG_WARN_INT_CONVERSION = YES;
				CLANG_WARN_NON_LITERAL_NULL_CONVERSION = YES;
				CLANG_WARN_OBJC_IMPLICIT_RETAIN_SELF = YES;
				CLANG_WARN_OBJC_LITERAL_CONVERSION = YES;
				CLANG_WARN_OBJC_ROOT_CLASS = YES_ERROR;
				CLANG_WARN_RANGE_LOOP_ANALYSIS = YES;
				CLANG_WARN_STRICT_PROTOTYPES = YES;
				CLANG_WARN_SUSPICIOUS_MOVE = YES;
				CLANG_WARN_SUSPICIOUS_MOVES = YES;
				CLANG_WARN_UNREACHABLE_CODE = YES;
				CLANG_WARN__DUPLICATE_METHOD_MATCH = YES;
				"CODE_SIGN_IDENTITY[sdk=iphoneos*]" = "iPhone Developer";
				COPY_PHASE_STRIP = NO;
				DEBUG_INFORMATION_FORMAT = dwarf;
				ENABLE_STRICT_OBJC_MSGSEND = YES;
				ENABLE_TESTABILITY = YES;
				GCC_C_LANGUAGE_STANDARD = gnu99;
				GCC_DYNAMIC_NO_PIC = NO;
				GCC_NO_COMMON_BLOCKS = YES;
				GCC_OPTIMIZATION_LEVEL = 0;
				GCC_PREPROCESSOR_DEFINITIONS = (
					"DEBUG=1",
					"$(inherited)",
				);
				GCC_WARN_64_TO_32_BIT_CONVERSION = YES;
				GCC_WARN_ABOUT_RETURN_TYPE = YES_ERROR;
				GCC_WARN_UNDECLARED_SELECTOR = YES;
				GCC_WARN_UNINITIALIZED_AUTOS = YES_AGGRESSIVE;
				GCC_WARN_UNUSED_FUNCTION = YES;
				GCC_WARN_UNUSED_VARIABLE = YES;
				IPHONEOS_DEPLOYMENT_TARGET = 11.0;
				MTL_ENABLE_DEBUG_INFO = YES;
				ONLY_ACTIVE_ARCH = YES;
				SDKROOT = iphoneos;
				SWIFT_ACTIVE_COMPILATION_CONDITIONS = DEBUG;
				SWIFT_OPTIMIZATION_LEVEL = "-Onone";
				TARGETED_DEVICE_FAMILY = "1,2";
			};
			name = Debug;
		};
		8507AB7320EA5EBF00E2A424 /* Release */ = {
			isa = XCBuildConfiguration;
			buildSettings = {
				ALWAYS_SEARCH_USER_PATHS = NO;
				CLANG_ANALYZER_LOCALIZABILITY_NONLOCALIZED = YES;
				CLANG_ANALYZER_NONNULL = YES;
				CLANG_CXX_LANGUAGE_STANDARD = "gnu++0x";
				CLANG_CXX_LIBRARY = "libc++";
				CLANG_ENABLE_MODULES = YES;
				CLANG_ENABLE_OBJC_ARC = YES;
				CLANG_WARN_BLOCK_CAPTURE_AUTORELEASING = YES;
				CLANG_WARN_BOOL_CONVERSION = YES;
				CLANG_WARN_COMMA = YES;
				CLANG_WARN_CONSTANT_CONVERSION = YES;
				CLANG_WARN_DEPRECATED_OBJC_IMPLEMENTATIONS = YES;
				CLANG_WARN_DIRECT_OBJC_ISA_USAGE = YES_ERROR;
				CLANG_WARN_DOCUMENTATION_COMMENTS = YES;
				CLANG_WARN_EMPTY_BODY = YES;
				CLANG_WARN_ENUM_CONVERSION = YES;
				CLANG_WARN_INFINITE_RECURSION = YES;
				CLANG_WARN_INT_CONVERSION = YES;
				CLANG_WARN_NON_LITERAL_NULL_CONVERSION = YES;
				CLANG_WARN_OBJC_IMPLICIT_RETAIN_SELF = YES;
				CLANG_WARN_OBJC_LITERAL_CONVERSION = YES;
				CLANG_WARN_OBJC_ROOT_CLASS = YES_ERROR;
				CLANG_WARN_RANGE_LOOP_ANALYSIS = YES;
				CLANG_WARN_STRICT_PROTOTYPES = YES;
				CLANG_WARN_SUSPICIOUS_MOVE = YES;
				CLANG_WARN_SUSPICIOUS_MOVES = YES;
				CLANG_WARN_UNREACHABLE_CODE = YES;
				CLANG_WARN__DUPLICATE_METHOD_MATCH = YES;
				"CODE_SIGN_IDENTITY[sdk=iphoneos*]" = "iPhone Developer";
				COPY_PHASE_STRIP = NO;
				DEBUG_INFORMATION_FORMAT = "dwarf-with-dsym";
				ENABLE_NS_ASSERTIONS = NO;
				ENABLE_STRICT_OBJC_MSGSEND = YES;
				GCC_C_LANGUAGE_STANDARD = gnu99;
				GCC_NO_COMMON_BLOCKS = YES;
				GCC_WARN_64_TO_32_BIT_CONVERSION = YES;
				GCC_WARN_ABOUT_RETURN_TYPE = YES_ERROR;
				GCC_WARN_UNDECLARED_SELECTOR = YES;
				GCC_WARN_UNINITIALIZED_AUTOS = YES_AGGRESSIVE;
				GCC_WARN_UNUSED_FUNCTION = YES;
				GCC_WARN_UNUSED_VARIABLE = YES;
				IPHONEOS_DEPLOYMENT_TARGET = 11.0;
				MTL_ENABLE_DEBUG_INFO = NO;
				SDKROOT = iphoneos;
				SWIFT_OPTIMIZATION_LEVEL = "-Owholemodule";
				TARGETED_DEVICE_FAMILY = "1,2";
				VALIDATE_PRODUCT = YES;
			};
			name = Release;
		};
		8507AB7520EA5EBF00E2A424 /* Debug */ = {
			isa = XCBuildConfiguration;
			buildSettings = {
				ASSETCATALOG_COMPILER_APPICON_NAME = AppIcon;
				DEVELOPMENT_TEAM = DZFL29D259;
				INFOPLIST_FILE = contato/Info.plist;
				LD_RUNPATH_SEARCH_PATHS = "$(inherited) @executable_path/Frameworks";
				PRODUCT_BUNDLE_IDENTIFIER = leo.zanela.contato;
				PRODUCT_NAME = "$(TARGET_NAME)";
				SWIFT_SWIFT3_OBJC_INFERENCE = On;
				SWIFT_VERSION = 4.0;
			};
			name = Debug;
		};
		8507AB7620EA5EBF00E2A424 /* Release */ = {
			isa = XCBuildConfiguration;
			buildSettings = {
				ASSETCATALOG_COMPILER_APPICON_NAME = AppIcon;
				DEVELOPMENT_TEAM = DZFL29D259;
				INFOPLIST_FILE = contato/Info.plist;
				LD_RUNPATH_SEARCH_PATHS = "$(inherited) @executable_path/Frameworks";
				PRODUCT_BUNDLE_IDENTIFIER = leo.zanela.contato;
				PRODUCT_NAME = "$(TARGET_NAME)";
				SWIFT_SWIFT3_OBJC_INFERENCE = On;
				SWIFT_VERSION = 4.0;
			};
			name = Release;
		};
		8507AB7820EA5EBF00E2A424 /* Debug */ = {
			isa = XCBuildConfiguration;
			buildSettings = {
				ALWAYS_EMBED_SWIFT_STANDARD_LIBRARIES = YES;
				BUNDLE_LOADER = "$(TEST_HOST)";
				INFOPLIST_FILE = contatoTests/Info.plist;
				LD_RUNPATH_SEARCH_PATHS = "$(inherited) @executable_path/Frameworks @loader_path/Frameworks";
				PRODUCT_BUNDLE_IDENTIFIER = leo.zanela.contatoTests;
				PRODUCT_NAME = "$(TARGET_NAME)";
				SWIFT_SWIFT3_OBJC_INFERENCE = On;
				SWIFT_VERSION = 4.0;
				TEST_HOST = "$(BUILT_PRODUCTS_DIR)/contato.app/contato";
			};
			name = Debug;
		};
		8507AB7920EA5EBF00E2A424 /* Release */ = {
			isa = XCBuildConfiguration;
			buildSettings = {
				ALWAYS_EMBED_SWIFT_STANDARD_LIBRARIES = YES;
				BUNDLE_LOADER = "$(TEST_HOST)";
				INFOPLIST_FILE = contatoTests/Info.plist;
				LD_RUNPATH_SEARCH_PATHS = "$(inherited) @executable_path/Frameworks @loader_path/Frameworks";
				PRODUCT_BUNDLE_IDENTIFIER = leo.zanela.contatoTests;
				PRODUCT_NAME = "$(TARGET_NAME)";
				SWIFT_SWIFT3_OBJC_INFERENCE = On;
				SWIFT_VERSION = 4.0;
				TEST_HOST = "$(BUILT_PRODUCTS_DIR)/contato.app/contato";
			};
			name = Release;
		};
		8507AB7B20EA5EBF00E2A424 /* Debug */ = {
			isa = XCBuildConfiguration;
			buildSettings = {
				ALWAYS_EMBED_SWIFT_STANDARD_LIBRARIES = YES;
				INFOPLIST_FILE = contatoUITests/Info.plist;
				LD_RUNPATH_SEARCH_PATHS = "$(inherited) @executable_path/Frameworks @loader_path/Frameworks";
				PRODUCT_BUNDLE_IDENTIFIER = leo.zanela.contatoUITests;
				PRODUCT_NAME = "$(TARGET_NAME)";
				SWIFT_SWIFT3_OBJC_INFERENCE = On;
				SWIFT_VERSION = 4.0;
				TEST_TARGET_NAME = contato;
			};
			name = Debug;
		};
		8507AB7C20EA5EBF00E2A424 /* Release */ = {
			isa = XCBuildConfiguration;
			buildSettings = {
				ALWAYS_EMBED_SWIFT_STANDARD_LIBRARIES = YES;
				INFOPLIST_FILE = contatoUITests/Info.plist;
				LD_RUNPATH_SEARCH_PATHS = "$(inherited) @executable_path/Frameworks @loader_path/Frameworks";
				PRODUCT_BUNDLE_IDENTIFIER = leo.zanela.contatoUITests;
				PRODUCT_NAME = "$(TARGET_NAME)";
				SWIFT_SWIFT3_OBJC_INFERENCE = On;
				SWIFT_VERSION = 4.0;
				TEST_TARGET_NAME = contato;
			};
			name = Release;
		};
/* End XCBuildConfiguration section */

/* Begin XCConfigurationList section */
		8507AB4420EA5EBD00E2A424 /* Build configuration list for PBXProject "contato" */ = {
			isa = XCConfigurationList;
			buildConfigurations = (
				8507AB7220EA5EBF00E2A424 /* Debug */,
				8507AB7320EA5EBF00E2A424 /* Release */,
			);
			defaultConfigurationIsVisible = 0;
			defaultConfigurationName = Release;
		};
		8507AB7420EA5EBF00E2A424 /* Build configuration list for PBXNativeTarget "contato" */ = {
			isa = XCConfigurationList;
			buildConfigurations = (
				8507AB7520EA5EBF00E2A424 /* Debug */,
				8507AB7620EA5EBF00E2A424 /* Release */,
			);
			defaultConfigurationIsVisible = 0;
			defaultConfigurationName = Release;
		};
		8507AB7720EA5EBF00E2A424 /* Build configuration list for PBXNativeTarget "contatoTests" */ = {
			isa = XCConfigurationList;
			buildConfigurations = (
				8507AB7820EA5EBF00E2A424 /* Debug */,
				8507AB7920EA5EBF00E2A424 /* Release */,
			);
			defaultConfigurationIsVisible = 0;
			defaultConfigurationName = Release;
		};
		8507AB7A20EA5EBF00E2A424 /* Build configuration list for PBXNativeTarget "contatoUITests" */ = {
			isa = XCConfigurationList;
			buildConfigurations = (
				8507AB7B20EA5EBF00E2A424 /* Debug */,
				8507AB7C20EA5EBF00E2A424 /* Release */,
			);
			defaultConfigurationIsVisible = 0;
			defaultConfigurationName = Release;
		};
/* End XCConfigurationList section */

/* Begin XCVersionGroup section */
		8507AB5320EA5EBE00E2A424 /* contato.xcdatamodeld */ = {
			isa = XCVersionGroup;
			children = (
				8507AB5420EA5EBE00E2A424 /* contato.xcdatamodel */,
			);
			currentVersion = 8507AB5420EA5EBE00E2A424 /* contato.xcdatamodel */;
			path = contato.xcdatamodeld;
			sourceTree = "<group>";
			versionGroupType = wrapper.xcdatamodel;
		};
/* End XCVersionGroup section */
	};
	rootObject = 8507AB4120EA5EBD00E2A424 /* Project object */;
}
